<?xml version="1.0" encoding="utf-8"?>
<Project ToolsVersion="4.0" xmlns="http://schemas.microsoft.com/developer/msbuild/2003">
  <ItemGroup>
    <Filter Include="Source Files">
      <UniqueIdentifier>{ba33a182-521a-40f3-88b4-8f8ae4d4cd89}</UniqueIdentifier>
    </Filter>
    <Filter Include="Header Files">
      <UniqueIdentifier>{381abceb-f54c-4fbe-bbf3-f18b008885c8}</UniqueIdentifier>
    </Filter>
  </ItemGroup>
  <ItemGroup>
    <ClCompile Include="..\game\AnimalNPC.c">
      <Filter>Source Files</Filter>
    </ClCompile>
    <ClCompile Include="..\game\FighterNPC.c">
      <Filter>Source Files</Filter>
    </ClCompile>
    <ClCompile Include="..\game\SpeederNPC.c">
      <Filter>Source Files</Filter>
    </ClCompile>
    <ClCompile Include="..\game\WalkerNPC.c">
      <Filter>Source Files</Filter>
    </ClCompile>
    <ClCompile Include="..\game\bg_g2_utils.c">
      <Filter>Source Files</Filter>
    </ClCompile>
    <ClCompile Include="..\game\bg_misc.c">
      <Filter>Source Files</Filter>
    </ClCompile>
    <ClCompile Include="..\game\bg_panimate.c">
      <Filter>Source Files</Filter>
    </ClCompile>
    <ClCompile Include="..\game\bg_pmove.c">
      <Filter>Source Files</Filter>
    </ClCompile>
    <ClCompile Include="..\game\bg_saber.c">
      <Filter>Source Files</Filter>
    </ClCompile>
    <ClCompile Include="..\game\bg_saberLoad.c">
      <Filter>Source Files</Filter>
    </ClCompile>
    <ClCompile Include="..\game\bg_saga.c">
      <Filter>Source Files</Filter>
    </ClCompile>
    <ClCompile Include="..\game\bg_slidemove.c">
      <Filter>Source Files</Filter>
    </ClCompile>
    <ClCompile Include="..\game\bg_vehicleLoad.c">
      <Filter>Source Files</Filter>
    </ClCompile>
    <ClCompile Include="..\game\bg_weapons.c">
      <Filter>Source Files</Filter>
    </ClCompile>
    <ClCompile Include="..\cgame\cg_consolecmds.c">
      <Filter>Source Files</Filter>
    </ClCompile>
    <ClCompile Include="..\cgame\cg_draw.c">
      <Filter>Source Files</Filter>
    </ClCompile>
    <ClCompile Include="..\cgame\cg_drawtools.c">
      <Filter>Source Files</Filter>
    </ClCompile>
    <ClCompile Include="..\cgame\cg_effects.c">
      <Filter>Source Files</Filter>
    </ClCompile>
    <ClCompile Include="..\cgame\cg_ents.c">
      <Filter>Source Files</Filter>
    </ClCompile>
    <ClCompile Include="..\cgame\cg_event.c">
      <Filter>Source Files</Filter>
    </ClCompile>
    <ClCompile Include="..\cgame\cg_info.c">
      <Filter>Source Files</Filter>
    </ClCompile>
    <ClCompile Include="..\cgame\cg_light.c">
      <Filter>Source Files</Filter>
    </ClCompile>
    <ClCompile Include="..\cgame\cg_localents.c">
      <Filter>Source Files</Filter>
    </ClCompile>
    <ClCompile Include="..\cgame\cg_main.c">
      <Filter>Source Files</Filter>
    </ClCompile>
    <ClCompile Include="..\cgame\cg_marks.c">
      <Filter>Source Files</Filter>
    </ClCompile>
    <ClCompile Include="..\cgame\cg_newDraw.c">
      <Filter>Source Files</Filter>
    </ClCompile>
    <ClCompile Include="..\cgame\cg_players.c">
      <Filter>Source Files</Filter>
    </ClCompile>
    <ClCompile Include="..\cgame\cg_playerstate.c">
      <Filter>Source Files</Filter>
    </ClCompile>
    <ClCompile Include="..\cgame\cg_predict.c">
      <Filter>Source Files</Filter>
    </ClCompile>
    <ClCompile Include="..\cgame\cg_saga.c">
      <Filter>Source Files</Filter>
    </ClCompile>
    <ClCompile Include="..\cgame\cg_scoreboard.c">
      <Filter>Source Files</Filter>
    </ClCompile>
    <ClCompile Include="..\cgame\cg_servercmds.c">
      <Filter>Source Files</Filter>
    </ClCompile>
    <ClCompile Include="..\cgame\cg_snapshot.c">
      <Filter>Source Files</Filter>
    </ClCompile>
    <ClCompile Include="..\cgame\cg_strap.c">
      <Filter>Source Files</Filter>
    </ClCompile>
    <ClCompile Include="..\cgame\cg_syscalls.c">
      <Filter>Source Files</Filter>
    </ClCompile>
    <ClCompile Include="..\cgame\cg_turret.c">
      <Filter>Source Files</Filter>
    </ClCompile>
    <ClCompile Include="..\cgame\cg_view.c">
      <Filter>Source Files</Filter>
    </ClCompile>
    <ClCompile Include="..\cgame\cg_weaponinit.c">
      <Filter>Source Files</Filter>
    </ClCompile>
    <ClCompile Include="..\cgame\cg_weapons.c">
      <Filter>Source Files</Filter>
    </ClCompile>
    <ClCompile Include="..\cgame\fx_blaster.c">
      <Filter>Source Files</Filter>
    </ClCompile>
    <ClCompile Include="..\cgame\fx_bowcaster.c">
      <Filter>Source Files</Filter>
    </ClCompile>
    <ClCompile Include="..\cgame\fx_bryarpistol.c">
      <Filter>Source Files</Filter>
    </ClCompile>
    <ClCompile Include="..\cgame\fx_demp2.c">
      <Filter>Source Files</Filter>
    </ClCompile>
    <ClCompile Include="..\cgame\fx_disruptor.c">
      <Filter>Source Files</Filter>
    </ClCompile>
    <ClCompile Include="..\cgame\fx_flechette.c">
      <Filter>Source Files</Filter>
    </ClCompile>
    <ClCompile Include="..\cgame\fx_force.c">
      <Filter>Source Files</Filter>
    </ClCompile>
    <ClCompile Include="..\cgame\fx_heavyrepeater.c">
      <Filter>Source Files</Filter>
    </ClCompile>
    <ClCompile Include="..\cgame\fx_rocketlauncher.c">
      <Filter>Source Files</Filter>
    </ClCompile>
    <ClCompile Include="..\game\q_math.c">
      <Filter>Source Files</Filter>
    </ClCompile>
    <ClCompile Include="..\game\q_shared.c">
      <Filter>Source Files</Filter>
    </ClCompile>
    <ClCompile Include="..\ui\ui_shared.c">
      <Filter>Source Files</Filter>
    </ClCompile>
  </ItemGroup>
  <ItemGroup>
    <ClInclude Include="..\game\anims.h">
      <Filter>Header Files</Filter>
    </ClInclude>
    <ClInclude Include="..\cgame\animtable.h">
      <Filter>Header Files</Filter>
    </ClInclude>
    <ClInclude Include="..\game\bg_local.h">
      <Filter>Header Files</Filter>
    </ClInclude>
    <ClInclude Include="..\game\bg_public.h">
      <Filter>Header Files</Filter>
    </ClInclude>
    <ClInclude Include="..\game\bg_saga.h">
      <Filter>Header Files</Filter>
    </ClInclude>
    <ClInclude Include="..\game\bg_strap.h">
      <Filter>Header Files</Filter>
    </ClInclude>
    <ClInclude Include="..\game\bg_weapons.h">
      <Filter>Header Files</Filter>
    </ClInclude>
    <ClInclude Include="..\cgame\cg_lights.h">
      <Filter>Header Files</Filter>
    </ClInclude>
    <ClInclude Include="..\cgame\cg_local.h">
      <Filter>Header Files</Filter>
    </ClInclude>
    <ClInclude Include="..\cgame\cg_public.h">
      <Filter>Header Files</Filter>
    </ClInclude>
    <ClInclude Include="..\qcommon\disablewarnings.h">
      <Filter>Header Files</Filter>
    </ClInclude>
    <ClInclude Include="..\cgame\fx_local.h">
      <Filter>Header Files</Filter>
    </ClInclude>
    <ClInclude Include="..\ghoul2\g2.h">
      <Filter>Header Files</Filter>
    </ClInclude>
    <ClInclude Include="..\ui\keycodes.h">
      <Filter>Header Files</Filter>
    </ClInclude>
    <ClInclude Include="..\..\ui\menudef.h">
      <Filter>Header Files</Filter>
    </ClInclude>
    <ClInclude Include="..\game\q_shared.h">
      <Filter>Header Files</Filter>
    </ClInclude>
    <ClInclude Include="..\qcommon\qfiles.h">
      <Filter>Header Files</Filter>
    </ClInclude>
    <ClInclude Include="..\game\surfaceflags.h">
      <Filter>Header Files</Filter>
    </ClInclude>
    <ClInclude Include="..\qcommon\tags.h">
      <Filter>Header Files</Filter>
    </ClInclude>
    <ClInclude Include="..\cgame\tr_types.h">
      <Filter>Header Files</Filter>
    </ClInclude>
    <ClInclude Include="..\ui\ui_shared.h">
      <Filter>Header Files</Filter>
    </ClInclude>
    <ClInclude Include="..\namespace_begin.h" />
    <ClInclude Include="..\namespace_end.h" />
  </ItemGroup>
</Project>