<?xml version="1.0" encoding="utf-8"?>
<Project ToolsVersion="4.0" xmlns="http://schemas.microsoft.com/developer/msbuild/2003">
  <ItemGroup>
    <Filter Include="Source Files">
      <UniqueIdentifier>{6c8ffc13-ee49-44db-af51-b53d117afa68}</UniqueIdentifier>
    </Filter>
    <Filter Include="Header Files">
      <UniqueIdentifier>{00e15cf9-7ad7-4c8f-a80c-449fc91f329c}</UniqueIdentifier>
    </Filter>
  </ItemGroup>
  <ItemGroup>
    <ClCompile Include="..\game\bg_misc.c">
      <Filter>Source Files</Filter>
    </ClCompile>
    <ClCompile Include="..\game\bg_saga.c">
      <Filter>Source Files</Filter>
    </ClCompile>
    <ClCompile Include="..\game\bg_vehicleLoad.c">
      <Filter>Source Files</Filter>
    </ClCompile>
    <ClCompile Include="..\game\bg_weapons.c">
      <Filter>Source Files</Filter>
    </ClCompile>
    <ClCompile Include="..\game\q_math.c">
      <Filter>Source Files</Filter>
    </ClCompile>
    <ClCompile Include="..\game\q_shared.c">
      <Filter>Source Files</Filter>
    </ClCompile>
    <ClCompile Include="..\ui\ui_atoms.c">
      <Filter>Source Files</Filter>
    </ClCompile>
    <ClCompile Include="..\ui\ui_force.c">
      <Filter>Source Files</Filter>
    </ClCompile>
    <ClCompile Include="..\ui\ui_gameinfo.c">
      <Filter>Source Files</Filter>
    </ClCompile>
    <ClCompile Include="..\ui\ui_main.c">
      <Filter>Source Files</Filter>
    </ClCompile>
    <ClCompile Include="..\ui\ui_saber.c">
      <Filter>Source Files</Filter>
    </ClCompile>
    <ClCompile Include="..\ui\ui_shared.c">
      <Filter>Source Files</Filter>
    </ClCompile>
    <ClCompile Include="..\ui\ui_syscalls.c">
      <Filter>Source Files</Filter>
    </ClCompile>
  </ItemGroup>
  <ItemGroup>
    <ClInclude Include="..\game\anims.h">
      <Filter>Header Files</Filter>
    </ClInclude>
    <ClInclude Include="..\game\bg_local.h">
      <Filter>Header Files</Filter>
    </ClInclude>
    <ClInclude Include="..\game\bg_public.h">
      <Filter>Header Files</Filter>
    </ClInclude>
    <ClInclude Include="..\game\bg_saga.h">
      <Filter>Header Files</Filter>
    </ClInclude>
    <ClInclude Include="..\game\bg_strap.h">
      <Filter>Header Files</Filter>
    </ClInclude>
    <ClInclude Include="..\game\bg_weapons.h">
      <Filter>Header Files</Filter>
    </ClInclude>
    <ClInclude Include="..\qcommon\disablewarnings.h">
      <Filter>Header Files</Filter>
    </ClInclude>
    <ClInclude Include="..\qcommon\game_version.h">
      <Filter>Header Files</Filter>
    </ClInclude>
    <ClInclude Include="..\ui\keycodes.h">
      <Filter>Header Files</Filter>
    </ClInclude>
    <ClInclude Include="..\..\ui\menudef.h">
      <Filter>Header Files</Filter>
    </ClInclude>
    <ClInclude Include="..\game\q_shared.h">
      <Filter>Header Files</Filter>
    </ClInclude>
    <ClInclude Include="..\qcommon\qfiles.h">
      <Filter>Header Files</Filter>
    </ClInclude>
    <ClInclude Include="..\game\surfaceflags.h">
      <Filter>Header Files</Filter>
    </ClInclude>
    <ClInclude Include="..\qcommon\tags.h">
      <Filter>Header Files</Filter>
    </ClInclude>
    <ClInclude Include="..\cgame\tr_types.h">
      <Filter>Header Files</Filter>
    </ClInclude>
    <ClInclude Include="..\ui\ui_force.h">
      <Filter>Header Files</Filter>
    </ClInclude>
    <ClInclude Include="..\ui\ui_local.h">
      <Filter>Header Files</Filter>
    </ClInclude>
    <ClInclude Include="..\ui\ui_public.h">
      <Filter>Header Files</Filter>
    </ClInclude>
    <ClInclude Include="..\ui\ui_shared.h">
      <Filter>Header Files</Filter>
    </ClInclude>
    <ClInclude Include="..\namespace_begin.h" />
    <ClInclude Include="..\namespace_end.h" />
  </ItemGroup>
</Project>